
Microsoft Visual Studio Solution File, Format Version 12.00
# Visual Studio Version 17
VisualStudioVersion = 17.5.33516.290
MinimumVisualStudioVersion = 10.0.40219.1
Project("{FAE04EC0-301F-11D3-BF4B-00C04F79EFBC}") = "Metin_Belgesi", "Metin_Belgesi\Metin_Belgesi.csproj", "{0C9A5E71-4317-4ABB-BE90-B14636A2E279}"
EndProject
Global
	GlobalSection(SolutionConfigurationPlatforms) = preSolution
		Debug|Any CPU = Debug|Any CPU
		Release|Any CPU = Release|Any CPU
	EndGlobalSection
	GlobalSection(ProjectConfigurationPlatforms) = postSolution
		{0C9A5E71-4317-4ABB-BE90-B14636A2E279}.Debug|Any CPU.ActiveCfg = Debug|Any CPU
		{0C9A5E71-4317-4ABB-BE90-B14636A2E279}.Debug|Any CPU.Build.0 = Debug|Any CPU
		{0C9A5E71-4317-4ABB-BE90-B14636A2E279}.Release|Any CPU.ActiveCfg = Release|Any CPU
		{0C9A5E71-4317-4ABB-BE90-B14636A2E279}.Release|Any CPU.Build.0 = Release|Any CPU
	EndGlobalSection
	GlobalSection(SolutionProperties) = preSolution
		HideSolutionNode = FALSE
	EndGlobalSection
	GlobalSection(ExtensibilityGlobals) = postSolution
		SolutionGuid = {6CBA63B4-05D2-4767-8559-9CAA4C30BF5A}
	EndGlobalSection
EndGlobal
